<?xml version="1.0" encoding="UTF-8"?>
<Scheme LastUpgradeVersion="1640" version="1.7">
  <BuildAction parallelizeBuildables="YES" buildImplicitDependencies="YES">
    <BuildActionEntries>
      <BuildActionEntry buildForTesting="YES" buildForRunning="YES" buildForProfiling="YES" buildForArchiving="YES" buildForAnalyzing="YES">
        <BuildableReference BuildableIdentifier="primary" BlueprintIdentifier="A10000000000000000000001" BuildableName="BottomSheetNativeTestHost.app" BlueprintName="BottomSheetNativeTestHost" ReferencedContainer="container:BottomSheetNativeTests.xcodeproj"/>
      </BuildActionEntry>
      <BuildActionEntry buildForTesting="YES" buildForRunning="NO" buildForProfiling="NO" buildForArchiving="NO" buildForAnalyzing="YES">
        <BuildableReference BuildableIdentifier="primary" BlueprintIdentifier="A10000000000000000000002" BuildableName="BottomSheetNativeTests.xctest" BlueprintName="BottomSheetNativeTests" ReferencedContainer="container:BottomSheetNativeTests.xcodeproj"/>
      </BuildActionEntry>
    </BuildActionEntries>
  </BuildAction>
  <TestAction buildConfiguration="Debug" selectedDebuggerIdentifier="Xcode.DebuggerFoundation.Debugger.LLDB" selectedLauncherIdentifier="Xcode.DebuggerFoundation.Launcher.LLDB" shouldUseLaunchSchemeArgsEnv="YES">
    <TestPlans>
      <TestPlanReference reference="container:BottomSheetNativeTests.xctestplan" default="YES"/>
    </TestPlans>
    <MacroExpansion>
      <BuildableReference BuildableIdentifier="primary" BlueprintIdentifier="A10000000000000000000001" BuildableName="BottomSheetNativeTestHost.app" BlueprintName="BottomSheetNativeTestHost" ReferencedContainer="container:BottomSheetNativeTests.xcodeproj"/>
    </MacroExpansion>
  </TestAction>
  <LaunchAction buildConfiguration="Debug" selectedDebuggerIdentifier="Xcode.DebuggerFoundation.Debugger.LLDB" selectedLauncherIdentifier="Xcode.DebuggerFoundation.Launcher.LLDB" launchStyle="0" useCustomWorkingDirectory="NO" ignoresPersistentStateOnLaunch="NO" debugDocumentVersioning="YES" debugServiceExtension="internal" allowLocationSimulation="YES">
    <BuildableProductRunnable runnableDebuggingMode="0">
      <BuildableReference BuildableIdentifier="primary" BlueprintIdentifier="A10000000000000000000001" BuildableName="BottomSheetNativeTestHost.app" BlueprintName="BottomSheetNativeTestHost" ReferencedContainer="container:BottomSheetNativeTests.xcodeproj"/>
    </BuildableProductRunnable>
  </LaunchAction>
  <ProfileAction buildConfiguration="Release" shouldUseLaunchSchemeArgsEnv="YES" savedToolIdentifier="" useCustomWorkingDirectory="NO" debugDocumentVersioning="YES">
    <BuildableProductRunnable runnableDebuggingMode="0">
      <BuildableReference BuildableIdentifier="primary" BlueprintIdentifier="A10000000000000000000001" BuildableName="BottomSheetNativeTestHost.app" BlueprintName="BottomSheetNativeTestHost" ReferencedContainer="container:BottomSheetNativeTests.xcodeproj"/>
    </BuildableProductRunnable>
  </ProfileAction>
  <AnalyzeAction buildConfiguration="Debug"/>
  <ArchiveAction buildConfiguration="Release" revealArchiveInOrganizer="YES"/>
</Scheme>
